{
  "nodes": {
    "flake-compat": {
      "flake": false,
      "locked": {
        "lastModified": 1606424373,
        "narHash": "sha256-oq8d4//CJOrVj+EcOaSXvMebvuTkmBJuT5tzlfewUnQ=",
        "owner": "edolstra",
        "repo": "flake-compat",
        "rev": "99f1c2157fba4bfe6211a321fd0ee43199025dbf",
        "type": "github"
      },
      "original": {
        "owner": "edolstra",
        "repo": "flake-compat",
        "type": "github"
      }
    },
    "flake-utils": {
      "locked": {
        "lastModified": 1623875721,
        "narHash": "sha256-A8BU7bjS5GirpAUv4QA+QnJ4CceLHkcXdRp4xITDB0s=",
        "owner": "numtide",
        "repo": "flake-utils",
        "rev": "f7e004a55b120c02ecb6219596820fcd32ca8772",
        "type": "github"
      },
      "original": {
        "owner": "numtide",
        "repo": "flake-utils",
        "type": "github"
      }
    },
    "home-manager": {
      "inputs": {
        "nixpkgs": [
          "nixpkgs"
        ]
      },
      "locked": {
        "lastModified": 1626645263,
        "narHash": "sha256-rg93wVhy505wofd7jzf+jLNhebXxNJ1dB5PuewSgsr8=",
        "owner": "nix-community",
        "repo": "home-manager",
        "rev": "2b75633b2c470e1249d46fe5d9ee848e3f7ab4e7",
        "type": "github"
      },
      "original": {
        "owner": "nix-community",
        "ref": "master",
        "repo": "home-manager",
        "type": "github"
      }
    },
    "neovim-flake": {
      "inputs": {
        "flake-compat": "flake-compat",
        "neovim-flake": "neovim-flake_2",
        "nixpkgs": [
          "nixpkgs"
        ]
      },
      "locked": {
        "lastModified": 1626682606,
        "narHash": "sha256-wDNInkrey/ZWn13UncQ2dEp7g5ld8seX5Hfp1uEHlDE=",
        "owner": "nix-community",
        "repo": "neovim-nightly-overlay",
        "rev": "a0d85023ff5a1fc148e3a7784dcd8db52588b90f",
        "type": "github"
      },
      "original": {
        "owner": "nix-community",
        "repo": "neovim-nightly-overlay",
        "type": "github"
      }
    },
    "neovim-flake_2": {
      "inputs": {
        "flake-utils": "flake-utils",
        "nixpkgs": [
          "nixpkgs"
        ]
      },
      "locked": {
        "dir": "contrib",
        "lastModified": 1626629960,
        "narHash": "sha256-4kGalH1o22TGjuEE/sn1VdITnrgqccr2972U6vzSqig=",
        "owner": "neovim",
        "repo": "neovim",
        "rev": "bfb04812d520652ef24f95f227b74c6cc349ba38",
        "type": "github"
      },
      "original": {
        "dir": "contrib",
        "owner": "neovim",
        "repo": "neovim",
        "type": "github"
      }
    },
    "nixpkgs": {
      "locked": {
        "lastModified": 1626556499,
        "narHash": "sha256-c2ueMT7fi/yvCNq3nGLEC2v5GklS7eHpB1240LRSW9Y=",
        "owner": "NixOS",
        "repo": "nixpkgs",
        "rev": "b59c06dc92f8d03660eb4155754d93a6c34cda83",
        "type": "github"
      },
      "original": {
        "id": "nixpkgs",
        "ref": "nixos-unstable",
        "type": "indirect"
      }
    },
    "root": {
      "inputs": {
        "home-manager": "home-manager",
        "neovim-flake": "neovim-flake",
        "nixpkgs": "nixpkgs"
      }
    }
  },
  "root": "root",
  "version": 7
}
