{
  "nodes": {
    "blank": {
      "locked": {
        "lastModified": 1625557891,
        "narHash": "sha256-O8/MWsPBGhhyPoPLHZAuoZiiHo9q6FLlEeIDEXuj6T4=",
        "owner": "divnix",
        "repo": "blank",
        "rev": "5a5d2684073d9f563072ed07c871d577a6c614a8",
        "type": "github"
      },
      "original": {
        "owner": "divnix",
        "repo": "blank",
        "type": "github"
      }
    },
    "deploy": {
      "inputs": {
        "flake-compat": "flake-compat",
        "nixpkgs": [
          "digga",
          "latest"
        ],
        "utils": [
          "digga",
          "flake-utils"
        ]
      },
      "locked": {
        "lastModified": 1632822684,
        "narHash": "sha256-lt7eayYmgsD5OQwpb1XYfHpxttn43bWo7G7hIJs+zJw=",
        "owner": "serokell",
        "repo": "deploy-rs",
        "rev": "9a02de4373e0ec272d08a417b269a28ac8b961b4",
        "type": "github"
      },
      "original": {
        "owner": "serokell",
        "repo": "deploy-rs",
        "type": "github"
      }
    },
    "devshell": {
      "locked": {
        "lastModified": 1637575296,
        "narHash": "sha256-ZY8YR5u8aglZPe27+AJMnPTG6645WuavB+w0xmhTarw=",
        "owner": "numtide",
        "repo": "devshell",
        "rev": "0e56ef21ba1a717169953122c7415fa6a8cd2618",
        "type": "github"
      },
      "original": {
        "owner": "numtide",
        "repo": "devshell",
        "type": "github"
      }
    },
    "digga": {
      "inputs": {
        "blank": "blank",
        "deploy": "deploy",
        "devshell": "devshell",
        "flake-utils": "flake-utils",
        "flake-utils-plus": "flake-utils-plus",
        "home-manager": [
          "home"
        ],
        "latest": "latest",
        "nixlib": [
          "nixos"
        ],
        "nixos-generators": "nixos-generators",
        "nixpkgs": [
          "nixos"
        ]
      },
      "locked": {
        "lastModified": 1638227261,
        "narHash": "sha256-CbleULqH3NRnnLdwqHqi0qk1sEmhyXE8ZOzjofilGM4=",
        "owner": "divnix",
        "repo": "digga",
        "rev": "1ce6cef4230f82cb986ef3d08d57a2e3a0e6e80d",
        "type": "github"
      },
      "original": {
        "owner": "divnix",
        "repo": "digga",
        "type": "github"
      }
    },
    "flake-compat": {
      "flake": false,
      "locked": {
        "lastModified": 1627913399,
        "narHash": "sha256-hY8g6H2KFL8ownSiFeMOjwPC8P0ueXpCVEbxgda3pko=",
        "owner": "edolstra",
        "repo": "flake-compat",
        "rev": "12c64ca55c1014cdc1b16ed5a804aa8576601ff2",
        "type": "github"
      },
      "original": {
        "owner": "edolstra",
        "repo": "flake-compat",
        "type": "github"
      }
    },
    "flake-utils": {
      "locked": {
        "lastModified": 1638122382,
        "narHash": "sha256-sQzZzAbvKEqN9s0bzWuYmRaA03v40gaJ4+iL1LXjaeI=",
        "owner": "numtide",
        "repo": "flake-utils",
        "rev": "74f7e4319258e287b0f9cb95426c9853b282730b",
        "type": "github"
      },
      "original": {
        "owner": "numtide",
        "repo": "flake-utils",
        "type": "github"
      }
    },
    "flake-utils-plus": {
      "inputs": {
        "flake-utils": [
          "digga",
          "flake-utils"
        ]
      },
      "locked": {
        "lastModified": 1630859749,
        "narHash": "sha256-qkoU2rIbbP2+T0dfcqXW35GCWNsi0Y1IgN9BELmt4Zo=",
        "owner": "divnix",
        "repo": "flake-utils-plus",
        "rev": "a4e267e3fc87e60c5029c6c3855935ff1ff3018e",
        "type": "github"
      },
      "original": {
        "owner": "divnix",
        "repo": "flake-utils-plus",
        "type": "github"
      }
    },
    "flake-utils_2": {
      "locked": {
        "lastModified": 1629481132,
        "narHash": "sha256-JHgasjPR0/J1J3DRm4KxM4zTyAj4IOJY8vIl75v/kPI=",
        "owner": "numtide",
        "repo": "flake-utils",
        "rev": "997f7efcb746a9c140ce1f13c72263189225f482",
        "type": "github"
      },
      "original": {
        "owner": "numtide",
        "repo": "flake-utils",
        "type": "github"
      }
    },
    "home": {
      "inputs": {
        "nixpkgs": [
          "nixos"
        ]
      },
      "locked": {
        "lastModified": 1638553958,
        "narHash": "sha256-leETjYMtD9y37CvfRSQhIGibcIl4dNVlFkY/8QgqmAM=",
        "owner": "nix-community",
        "repo": "home-manager",
        "rev": "6ce1d64073f48b9bc9425218803b1b607454c1e7",
        "type": "github"
      },
      "original": {
        "owner": "nix-community",
        "ref": "release-21.11",
        "repo": "home-manager",
        "type": "github"
      }
    },
    "krops": {
      "flake": false,
      "locked": {
        "lastModified": 1637419569,
        "narHash": "sha256-0hxKZQIoByRDoPsfQq5qzFJioyWRX/fbpvMO2EYQ9lc=",
        "ref": "master",
        "rev": "13ae434b140035e7e2664bd5a8ef4c475413b2e0",
        "revCount": 115,
        "type": "git",
        "url": "https://cgit.krebsco.de/krops"
      },
      "original": {
        "type": "git",
        "url": "https://cgit.krebsco.de/krops"
      }
    },
    "latest": {
      "locked": {
        "lastModified": 1638198142,
        "narHash": "sha256-plU9b8r4St6q4U7VHtG9V7oF8k9fIpfXl/KDaZLuY9k=",
        "owner": "nixos",
        "repo": "nixpkgs",
        "rev": "8a308775674e178495767df90c419425474582a1",
        "type": "github"
      },
      "original": {
        "owner": "nixos",
        "ref": "nixos-unstable",
        "repo": "nixpkgs",
        "type": "github"
      }
    },
    "latest_2": {
      "locked": {
        "lastModified": 1639525045,
        "narHash": "sha256-z4GXFNzO+5V4CAUm2DDMAryLOWUKEbQif2ifvv1Ypg4=",
        "owner": "NixOS",
        "repo": "nixpkgs",
        "rev": "a2e281f5770247855b85d70c43454ba5bff34613",
        "type": "github"
      },
      "original": {
        "id": "nixpkgs",
        "ref": "nixos-unstable",
        "type": "indirect"
      }
    },
    "neovim": {
      "inputs": {
        "flake-utils": "flake-utils_2",
        "nixpkgs": [
          "nixos"
        ]
      },
      "locked": {
        "dir": "contrib",
        "lastModified": 1639581594,
        "narHash": "sha256-AYdrfKXUBL36Y5oYIuJjtuC7W9Aoz7nlfJ5SI1zEBZI=",
        "owner": "neovim",
        "repo": "neovim",
        "rev": "4393360796ffd3ea6e552a13b19f60cd4892fbdc",
        "type": "github"
      },
      "original": {
        "dir": "contrib",
        "owner": "neovim",
        "repo": "neovim",
        "type": "github"
      }
    },
    "nixos": {
      "locked": {
        "lastModified": 1639584099,
        "narHash": "sha256-3UioSxWXcXMoq3YV6i7nl3DWpKX2xA3ogYnqynPBk2w=",
        "owner": "NixOS",
        "repo": "nixpkgs",
        "rev": "9367ef512d32a3c8b9e1d2b75ba5134de48d86ed",
        "type": "github"
      },
      "original": {
        "id": "nixpkgs",
        "ref": "release-21.11",
        "type": "indirect"
      }
    },
    "nixos-generators": {
      "inputs": {
        "nixlib": [
          "digga",
          "nixlib"
        ],
        "nixpkgs": [
          "digga",
          "blank"
        ]
      },
      "locked": {
        "lastModified": 1637655461,
        "narHash": "sha256-kXZPbclN3gKwjhp2/RYFDFpAsSBwzX1iLF4EcnHZsPQ=",
        "owner": "nix-community",
        "repo": "nixos-generators",
        "rev": "05a3eb158a9c7746a5d463726d7f7cccf07500e4",
        "type": "github"
      },
      "original": {
        "owner": "nix-community",
        "repo": "nixos-generators",
        "type": "github"
      }
    },
    "nixos-hardware": {
      "locked": {
        "lastModified": 1639240632,
        "narHash": "sha256-BAXhgnPOW1COIfZ9EOOFTdolalYS73MFHSRajgrSdZw=",
        "owner": "nixos",
        "repo": "nixos-hardware",
        "rev": "2a7063461c3751d83869a2a0a8ebc59e34bec5b2",
        "type": "github"
      },
      "original": {
        "owner": "nixos",
        "repo": "nixos-hardware",
        "type": "github"
      }
    },
    "nixpkgs": {
      "locked": {
        "lastModified": 1639161226,
        "narHash": "sha256-75Y08ynJDTq6HHGIF+8IADBJSVip0UyWQH7jqSFnRR8=",
        "owner": "NixOS",
        "repo": "nixpkgs",
        "rev": "573095944e7c1d58d30fc679c81af63668b54056",
        "type": "github"
      },
      "original": {
        "owner": "NixOS",
        "ref": "nixos-21.11",
        "repo": "nixpkgs",
        "type": "github"
      }
    },
    "nixpkgs_2": {
      "locked": {
        "lastModified": 1639161226,
        "narHash": "sha256-75Y08ynJDTq6HHGIF+8IADBJSVip0UyWQH7jqSFnRR8=",
        "owner": "NixOS",
        "repo": "nixpkgs",
        "rev": "573095944e7c1d58d30fc679c81af63668b54056",
        "type": "github"
      },
      "original": {
        "owner": "NixOS",
        "ref": "nixos-21.11",
        "repo": "nixpkgs",
        "type": "github"
      }
    },
    "nixpkgs_3": {
      "locked": {
        "lastModified": 1639161226,
        "narHash": "sha256-75Y08ynJDTq6HHGIF+8IADBJSVip0UyWQH7jqSFnRR8=",
        "owner": "NixOS",
        "repo": "nixpkgs",
        "rev": "573095944e7c1d58d30fc679c81af63668b54056",
        "type": "github"
      },
      "original": {
        "owner": "NixOS",
        "ref": "nixos-21.11",
        "repo": "nixpkgs",
        "type": "github"
      }
    },
    "polar-dmenu": {
      "inputs": {
        "nixpkgs": "nixpkgs"
      },
      "locked": {
        "lastModified": 1639431748,
        "narHash": "sha256-3JgZudVvDnzOXBsOPNd6JDyHq2tdd1846NjS80bQBrc=",
        "owner": "polarmutex",
        "repo": "dmenu",
        "rev": "375c15b7a1d9d74847bfab76378db5da1a9854bf",
        "type": "github"
      },
      "original": {
        "owner": "polarmutex",
        "repo": "dmenu",
        "type": "github"
      }
    },
    "polar-dwm": {
      "inputs": {
        "nixpkgs": "nixpkgs_2"
      },
      "locked": {
        "lastModified": 1639431482,
        "narHash": "sha256-q3oSCAQDu3b7XM8Lha35OiXXSa4x90vSirpZFbU+6ec=",
        "owner": "polarmutex",
        "repo": "dwm",
        "rev": "86996473cbde564bc77eb831535740ec98976ebf",
        "type": "github"
      },
      "original": {
        "owner": "polarmutex",
        "repo": "dwm",
        "type": "github"
      }
    },
    "polar-st": {
      "inputs": {
        "nixpkgs": "nixpkgs_3"
      },
      "locked": {
        "lastModified": 1639451677,
        "narHash": "sha256-uWuzN2eHjtGDl/ZT/IJ0YS7ewFujYwXdhv7hPzCrID8=",
        "owner": "polarmutex",
        "repo": "st",
        "rev": "fec3f6acccff2e55e1b332fae001f5d74c99e8b2",
        "type": "github"
      },
      "original": {
        "owner": "polarmutex",
        "repo": "st",
        "type": "github"
      }
    },
    "root": {
      "inputs": {
        "deploy": [
          "digga",
          "deploy"
        ],
        "digga": "digga",
        "home": "home",
        "krops": "krops",
        "latest": "latest_2",
        "neovim": "neovim",
        "nixos": "nixos",
        "nixos-hardware": "nixos-hardware",
        "polar-dmenu": "polar-dmenu",
        "polar-dwm": "polar-dwm",
        "polar-st": "polar-st",
        "sops-nix": "sops-nix"
      }
    },
    "sops-nix": {
      "inputs": {
        "nixpkgs": [
          "nixos"
        ]
      },
      "locked": {
        "lastModified": 1638821683,
        "narHash": "sha256-oyqALhGijy2ZQxFSACrcC+Z8MzYLiomKCr9FQXVZ47U=",
        "owner": "Mic92",
        "repo": "sops-nix",
        "rev": "afe00100b16648c1d79e62926caacac561df93a5",
        "type": "github"
      },
      "original": {
        "owner": "Mic92",
        "repo": "sops-nix",
        "type": "github"
      }
    }
  },
  "root": "root",
  "version": 7
}
