{
  "nodes": {
    "awesome-battery-widget-git": {
      "flake": false,
      "locked": {
        "lastModified": 1629647896,
        "narHash": "sha256-ELNWKnwHDOxgC30xP3gTT1pYLZgGvGd9eVJKd5Ok98A=",
        "owner": "Aire-One",
        "repo": "awesome-battery_widget",
        "rev": "48b83f444d175496104f3b9ff36f1dff0473e01e",
        "type": "github"
      },
      "original": {
        "owner": "Aire-One",
        "repo": "awesome-battery_widget",
        "type": "github"
      }
    },
    "awesome-flake": {
      "inputs": {
        "flake-utils": "flake-utils",
        "nixpkgs": [
          "nixpkgs"
        ],
        "polar-nur": [
          "polar-nur"
        ]
      },
      "locked": {
        "lastModified": 1654057423,
        "narHash": "sha256-HORb3TbCA7VE7UAnColA7ko1ZDXuCWQh6he71FrPQX4=",
        "path": "/home/polar/repos/personal/awesome-flake",
        "type": "path"
      },
      "original": {
        "path": "/home/polar/repos/personal/awesome-flake",
        "type": "path"
      }
    },
    "awesome-git-src": {
      "flake": false,
      "locked": {
        "lastModified": 1653855029,
        "narHash": "sha256-4z3w6iuv+Gw2xRvhv2AX4suO6dl82woJn0p1nkEx3uM=",
        "owner": "awesomeWM",
        "repo": "awesome",
        "rev": "3a542219f3bf129546ae79eb20e384ea28fa9798",
        "type": "github"
      },
      "original": {
        "owner": "awesomeWM",
        "repo": "awesome",
        "type": "github"
      }
    },
    "beancount-langserver": {
      "inputs": {
        "flake-utils": "flake-utils_4",
        "naersk": "naersk_2",
        "nixpkgs": "nixpkgs_6"
      },
      "locked": {
        "lastModified": 1653936452,
        "narHash": "sha256-Vfbx4NLDkRwbDDR0aDtCJs3ewOx9U8nZdw9MyZIp/wc=",
        "owner": "polarmutex",
        "repo": "beancount-language-server",
        "rev": "b0e43f6b65635d6e0d4bdc10db148eeae7392ffc",
        "type": "github"
      },
      "original": {
        "owner": "polarmutex",
        "repo": "beancount-language-server",
        "type": "github"
      }
    },
    "beancount-nvim-src": {
      "flake": false,
      "locked": {
        "lastModified": 1653192573,
        "narHash": "sha256-DOGVsvQb3vuMFUFR/seFHlQ+urinkT1eClCaZuXsEAU=",
        "owner": "polarmutex",
        "repo": "beancount.nvim",
        "rev": "493d53ae0cfcc96d2574f6d74edd37c25134e818",
        "type": "github"
      },
      "original": {
        "owner": "polarmutex",
        "repo": "beancount.nvim",
        "type": "github"
      }
    },
    "blamer-nvim-src": {
      "flake": false,
      "locked": {
        "lastModified": 1637136495,
        "narHash": "sha256-etLCmzOMi7xjYc43ZBqjPnj2gqrrSbmtcKdw6eZT8rM=",
        "owner": "APZelos",
        "repo": "blamer.nvim",
        "rev": "f4eb22a9013642c411725fdda945ae45f8d93181",
        "type": "github"
      },
      "original": {
        "owner": "APZelos",
        "repo": "blamer.nvim",
        "type": "github"
      }
    },
    "bling-git": {
      "flake": false,
      "locked": {
        "lastModified": 1652282912,
        "narHash": "sha256-TBEaxHRYtEyOVxtym/IaXuq0CVbizWTx8mAqIRww/r4=",
        "owner": "BlingCorp",
        "repo": "bling",
        "rev": "6e4ecb334c3764483d04b4e6bfc15abf98043bef",
        "type": "github"
      },
      "original": {
        "owner": "BlingCorp",
        "repo": "bling",
        "type": "github"
      }
    },
    "cmp-buffer-src": {
      "flake": false,
      "locked": {
        "lastModified": 1652074301,
        "narHash": "sha256-jxtrPAhI8v0a9gmSlRZWFLyH3JYcmyLaV9fDnBHvy4U=",
        "owner": "hrsh7th",
        "repo": "cmp-buffer",
        "rev": "12463cfcd9b14052f9effccbf1d84caa7a2d57f0",
        "type": "github"
      },
      "original": {
        "owner": "hrsh7th",
        "repo": "cmp-buffer",
        "type": "github"
      }
    },
    "cmp-nvim-lsp-src": {
      "flake": false,
      "locked": {
        "lastModified": 1652705110,
        "narHash": "sha256-19Ka4EQhqo//IMjJ/DnXiHsevVWFy2M90oSjmBFfCO0=",
        "owner": "hrsh7th",
        "repo": "cmp-nvim-lsp",
        "rev": "affe808a5c56b71630f17aa7c38e15c59fd648a8",
        "type": "github"
      },
      "original": {
        "owner": "hrsh7th",
        "repo": "cmp-nvim-lsp",
        "type": "github"
      }
    },
    "cmp-nvim-lua-src": {
      "flake": false,
      "locked": {
        "lastModified": 1633919304,
        "narHash": "sha256-/xUfw5adjXu8ySZBBFrLVJ1FCNJzfh79wf+wJsW6sIY=",
        "owner": "hrsh7th",
        "repo": "cmp-nvim-lua",
        "rev": "d276254e7198ab7d00f117e88e223b4bd8c02d21",
        "type": "github"
      },
      "original": {
        "owner": "hrsh7th",
        "repo": "cmp-nvim-lua",
        "type": "github"
      }
    },
    "cmp-path-src": {
      "flake": false,
      "locked": {
        "lastModified": 1643823794,
        "narHash": "sha256-xYzTpqVKpBBnajqqRRzAXlHAC13VGK1D9mFr3bntepY=",
        "owner": "hrsh7th",
        "repo": "cmp-path",
        "rev": "466b6b8270f7ba89abd59f402c73f63c7331ff6e",
        "type": "github"
      },
      "original": {
        "owner": "hrsh7th",
        "repo": "cmp-path",
        "type": "github"
      }
    },
    "colorizer-src": {
      "flake": false,
      "locked": {
        "lastModified": 1591879145,
        "narHash": "sha256-6YrnItxExL2C8pNIdLd+hXCjsB2MbZANwWkah6dreD8=",
        "owner": "norcalli",
        "repo": "nvim-colorizer.lua",
        "rev": "36c610a9717cc9ec426a07c8e6bf3b3abcb139d6",
        "type": "github"
      },
      "original": {
        "owner": "norcalli",
        "repo": "nvim-colorizer.lua",
        "type": "github"
      }
    },
    "comment-nvim-src": {
      "flake": false,
      "locked": {
        "lastModified": 1653889117,
        "narHash": "sha256-BdQYnXiPdVCxBlIp1iuMyxfbMyALUVhR4UBCMTG5FI0=",
        "owner": "numToStr",
        "repo": "Comment.nvim",
        "rev": "bdf9ca64dcf4cc3c411aaeee4cfba59398d02aa8",
        "type": "github"
      },
      "original": {
        "owner": "numToStr",
        "repo": "Comment.nvim",
        "type": "github"
      }
    },
    "conceal-src": {
      "flake": false,
      "locked": {
        "lastModified": 1478179438,
        "narHash": "sha256-yeId7EXZZl3n/icngGgsj0Db3Gxgq53daby6iq4MpvU=",
        "owner": "ticki",
        "repo": "rust-cute-vim",
        "rev": "ad22be8aece24a792f274e521107fe49c41f9751",
        "type": "github"
      },
      "original": {
        "owner": "ticki",
        "repo": "rust-cute-vim",
        "type": "github"
      }
    },
    "deploy-rs": {
      "inputs": {
        "flake-compat": "flake-compat",
        "nixpkgs": [
          "nixpkgs"
        ],
        "utils": "utils"
      },
      "locked": {
        "lastModified": 1653594315,
        "narHash": "sha256-kJ0ENmnQJ4qL2FeYKZba9kvv1KmIuB3NVpBwMeI7AJQ=",
        "owner": "serokell",
        "repo": "deploy-rs",
        "rev": "184349d8149436748986d1bdba087e4149e9c160",
        "type": "github"
      },
      "original": {
        "owner": "serokell",
        "repo": "deploy-rs",
        "type": "github"
      }
    },
    "fidget-src": {
      "flake": false,
      "locked": {
        "lastModified": 1653063468,
        "narHash": "sha256-0Z2fIEqDQzR8iNQtX+J7qE8TVg7xhvenYbUdOkUPC/g=",
        "owner": "j-hui",
        "repo": "fidget.nvim",
        "rev": "37d536bbbee47222ddfeca0e8186e8ee6884f9a2",
        "type": "github"
      },
      "original": {
        "owner": "j-hui",
        "repo": "fidget.nvim",
        "type": "github"
      }
    },
    "flake-compat": {
      "flake": false,
      "locked": {
        "lastModified": 1648199409,
        "narHash": "sha256-JwPKdC2PoVBkG6E+eWw3j6BMR6sL3COpYWfif7RVb8Y=",
        "owner": "edolstra",
        "repo": "flake-compat",
        "rev": "64a525ee38886ab9028e6f61790de0832aa3ef03",
        "type": "github"
      },
      "original": {
        "owner": "edolstra",
        "repo": "flake-compat",
        "type": "github"
      }
    },
    "flake-utils": {
      "locked": {
        "lastModified": 1652776076,
        "narHash": "sha256-gzTw/v1vj4dOVbpBSJX4J0DwUR6LIyXo7/SuuTJp1kM=",
        "owner": "numtide",
        "repo": "flake-utils",
        "rev": "04c1b180862888302ddfb2e3ad9eaa63afc60cf8",
        "type": "github"
      },
      "original": {
        "owner": "numtide",
        "repo": "flake-utils",
        "type": "github"
      }
    },
    "flake-utils_2": {
      "locked": {
        "lastModified": 1653893745,
        "narHash": "sha256-0jntwV3Z8//YwuOjzhV2sgJJPt+HY6KhU7VZUL0fKZQ=",
        "owner": "numtide",
        "repo": "flake-utils",
        "rev": "1ed9fb1935d260de5fe1c2f7ee0ebaae17ed2fa1",
        "type": "github"
      },
      "original": {
        "owner": "numtide",
        "repo": "flake-utils",
        "type": "github"
      }
    },
    "flake-utils_3": {
      "locked": {
        "lastModified": 1653893745,
        "narHash": "sha256-0jntwV3Z8//YwuOjzhV2sgJJPt+HY6KhU7VZUL0fKZQ=",
        "owner": "numtide",
        "repo": "flake-utils",
        "rev": "1ed9fb1935d260de5fe1c2f7ee0ebaae17ed2fa1",
        "type": "github"
      },
      "original": {
        "owner": "numtide",
        "repo": "flake-utils",
        "type": "github"
      }
    },
    "flake-utils_4": {
      "locked": {
        "lastModified": 1648297722,
        "narHash": "sha256-W+qlPsiZd8F3XkzXOzAoR+mpFqzm3ekQkJNa+PIh1BQ=",
        "owner": "numtide",
        "repo": "flake-utils",
        "rev": "0f8662f1319ad6abf89b3380dd2722369fc51ade",
        "type": "github"
      },
      "original": {
        "owner": "numtide",
        "repo": "flake-utils",
        "type": "github"
      }
    },
    "flake-utils_5": {
      "locked": {
        "lastModified": 1653893745,
        "narHash": "sha256-0jntwV3Z8//YwuOjzhV2sgJJPt+HY6KhU7VZUL0fKZQ=",
        "owner": "numtide",
        "repo": "flake-utils",
        "rev": "1ed9fb1935d260de5fe1c2f7ee0ebaae17ed2fa1",
        "type": "github"
      },
      "original": {
        "owner": "numtide",
        "repo": "flake-utils",
        "type": "github"
      }
    },
    "flake-utils_6": {
      "locked": {
        "lastModified": 1644229661,
        "narHash": "sha256-1YdnJAsNy69bpcjuoKdOYQX0YxZBiCYZo4Twxerqv7k=",
        "owner": "numtide",
        "repo": "flake-utils",
        "rev": "3cecb5b042f7f209c56ffd8371b2711a290ec797",
        "type": "github"
      },
      "original": {
        "owner": "numtide",
        "repo": "flake-utils",
        "type": "github"
      }
    },
    "gitsigns-nvim-src": {
      "flake": false,
      "locked": {
        "lastModified": 1653566153,
        "narHash": "sha256-JoeK8ZZYA00gF7MFwU2ukJjdz3HZGaW7IT03y445oRI=",
        "owner": "lewis6991",
        "repo": "gitsigns.nvim",
        "rev": "27aeb2e715c32cbb99aa0b326b31739464b61644",
        "type": "github"
      },
      "original": {
        "owner": "lewis6991",
        "repo": "gitsigns.nvim",
        "type": "github"
      }
    },
    "hardware": {
      "locked": {
        "lastModified": 1654057797,
        "narHash": "sha256-mXo7C4v7Jj2feBzcReu1Eu/3Rnw5b023E9kOyFsHZQw=",
        "owner": "nixos",
        "repo": "nixos-hardware",
        "rev": "0cab18a48de7914ef8cad35dca0bb36868f3e1af",
        "type": "github"
      },
      "original": {
        "owner": "nixos",
        "repo": "nixos-hardware",
        "type": "github"
      }
    },
    "home-manager": {
      "inputs": {
        "nixpkgs": [
          "nixpkgs"
        ]
      },
      "locked": {
        "lastModified": 1653943687,
        "narHash": "sha256-xXW9t24HLf89+n/92kOqRRfOBE3KDna+9rAOefs5WSQ=",
        "owner": "nix-community",
        "repo": "home-manager",
        "rev": "8f3e26705178cc8c1d982d37d881fc0d5b5b1837",
        "type": "github"
      },
      "original": {
        "owner": "nix-community",
        "repo": "home-manager",
        "type": "github"
      }
    },
    "kanagawa-nvim-src": {
      "flake": false,
      "locked": {
        "lastModified": 1652960060,
        "narHash": "sha256-t9WFzKd6hkmtnti6WNFPFykrI+kxIMXrK8moWIUyWKs=",
        "owner": "rebelot",
        "repo": "kanagawa.nvim",
        "rev": "a6db77965a27ca893ea693d69cc3c152c000a627",
        "type": "github"
      },
      "original": {
        "owner": "rebelot",
        "repo": "kanagawa.nvim",
        "type": "github"
      }
    },
    "lspkind-nvim-src": {
      "flake": false,
      "locked": {
        "lastModified": 1650298271,
        "narHash": "sha256-0103K5lnzWCyuT/qwiBUo5PJ7lUX7fo+zNeEnQClI7A=",
        "owner": "onsails",
        "repo": "lspkind-nvim",
        "rev": "57e5b5dfbe991151b07d272a06e365a77cc3d0e7",
        "type": "github"
      },
      "original": {
        "owner": "onsails",
        "repo": "lspkind-nvim",
        "type": "github"
      }
    },
    "lualine-nvim-src": {
      "flake": false,
      "locked": {
        "lastModified": 1653920738,
        "narHash": "sha256-W8/O76Y/zDuGD9iGsRz7eBNevVe7NBpZcwtyC/+B010=",
        "owner": "nvim-lualine",
        "repo": "lualine.nvim",
        "rev": "3362b28f917acc37538b1047f187ff1b5645ecdd",
        "type": "github"
      },
      "original": {
        "owner": "nvim-lualine",
        "repo": "lualine.nvim",
        "type": "github"
      }
    },
    "naersk": {
      "inputs": {
        "nixpkgs": [
          "neovim-flake",
          "rnix-lsp",
          "nixpkgs"
        ]
      },
      "locked": {
        "lastModified": 1639947939,
        "narHash": "sha256-pGsM8haJadVP80GFq4xhnSpNitYNQpaXk4cnA796Cso=",
        "owner": "nix-community",
        "repo": "naersk",
        "rev": "2fc8ce9d3c025d59fee349c1f80be9785049d653",
        "type": "github"
      },
      "original": {
        "owner": "nix-community",
        "repo": "naersk",
        "type": "github"
      }
    },
    "naersk_2": {
      "inputs": {
        "nixpkgs": "nixpkgs_5"
      },
      "locked": {
        "lastModified": 1649096192,
        "narHash": "sha256-7O8e+eZEYeU+ET98u/zW5epuoN/xYx9G+CIh4DjZVzY=",
        "owner": "nix-community",
        "repo": "naersk",
        "rev": "d626f73332a8f587b613b0afe7293dd0777be07d",
        "type": "github"
      },
      "original": {
        "owner": "nix-community",
        "repo": "naersk",
        "type": "github"
      }
    },
    "naersk_3": {
      "inputs": {
        "nixpkgs": "nixpkgs_7"
      },
      "locked": {
        "lastModified": 1653413650,
        "narHash": "sha256-wojDHjb+eU80MPH+3HQaK0liUy8EgR95rvmCl24i58Y=",
        "owner": "nix-community",
        "repo": "naersk",
        "rev": "69daaceebe12c070cd5ae69ba38f277bbf033695",
        "type": "github"
      },
      "original": {
        "owner": "nix-community",
        "repo": "naersk",
        "type": "github"
      }
    },
    "naersk_4": {
      "inputs": {
        "nixpkgs": [
          "rnix-lsp",
          "nixpkgs"
        ]
      },
      "locked": {
        "lastModified": 1639947939,
        "narHash": "sha256-pGsM8haJadVP80GFq4xhnSpNitYNQpaXk4cnA796Cso=",
        "owner": "nix-community",
        "repo": "naersk",
        "rev": "2fc8ce9d3c025d59fee349c1f80be9785049d653",
        "type": "github"
      },
      "original": {
        "owner": "nix-community",
        "repo": "naersk",
        "type": "github"
      }
    },
    "neogit-src": {
      "flake": false,
      "locked": {
        "lastModified": 1654074229,
        "narHash": "sha256-QXZXoRGvbFNMNUi032qdSkfpUuBgQ9AhfndXObpIXnk=",
        "owner": "TimUntersberger",
        "repo": "neogit",
        "rev": "441c23d355b77f4067a1ad018c5dba64efd7ff7f",
        "type": "github"
      },
      "original": {
        "owner": "TimUntersberger",
        "repo": "neogit",
        "type": "github"
      }
    },
    "neovim": {
      "inputs": {
        "flake-utils": [
          "flake-utils"
        ],
        "nixpkgs": [
          "nixpkgs-local"
        ]
      },
      "locked": {
        "dir": "contrib",
        "lastModified": 1654112916,
        "narHash": "sha256-nNtCpW+XY9SUDixyDEZ2wOjGc6cM3B8cOF1x4eL6ZFE=",
        "owner": "neovim",
        "repo": "neovim",
        "rev": "57a296d899d170e7f78aec2225bf8ab2b0dc711c",
        "type": "github"
      },
      "original": {
        "dir": "contrib",
        "owner": "neovim",
        "repo": "neovim",
        "type": "github"
      }
    },
    "neovim-flake": {
      "inputs": {
        "beancount-nvim-src": "beancount-nvim-src",
        "blamer-nvim-src": "blamer-nvim-src",
        "cmp-buffer-src": "cmp-buffer-src",
        "cmp-nvim-lsp-src": "cmp-nvim-lsp-src",
        "cmp-nvim-lua-src": "cmp-nvim-lua-src",
        "cmp-path-src": "cmp-path-src",
        "colorizer-src": "colorizer-src",
        "comment-nvim-src": "comment-nvim-src",
        "conceal-src": "conceal-src",
        "fidget-src": "fidget-src",
        "flake-utils": "flake-utils_3",
        "gitsigns-nvim-src": "gitsigns-nvim-src",
        "kanagawa-nvim-src": "kanagawa-nvim-src",
        "lspkind-nvim-src": "lspkind-nvim-src",
        "lualine-nvim-src": "lualine-nvim-src",
        "neogit-src": "neogit-src",
        "nixpkgs": [
          "nixpkgs"
        ],
        "null-ls-nvim-src": "null-ls-nvim-src",
        "nvim-cmp-src": "nvim-cmp-src",
        "nvim-dap-src": "nvim-dap-src",
        "nvim-dap-virtual-text-src": "nvim-dap-virtual-text-src",
        "nvim-jdtls-src": "nvim-jdtls-src",
        "nvim-lspconfig-src": "nvim-lspconfig-src",
        "nvim-treesitter-context-src": "nvim-treesitter-context-src",
        "nvim-treesitter-src": "nvim-treesitter-src",
        "plenary-nvim-src": "plenary-nvim-src",
        "polar-nur": [
          "polar-nur"
        ],
        "popup-nvim-src": "popup-nvim-src",
        "rnix-lsp": "rnix-lsp",
        "rust-tools-nvim-src": "rust-tools-nvim-src",
        "telescope-dap-nvim-src": "telescope-dap-nvim-src",
        "telescope-nvim-src": "telescope-nvim-src",
        "telescope-ui-select-src": "telescope-ui-select-src",
        "tokyonight-nvim-src": "tokyonight-nvim-src",
        "which-key-nvim-src": "which-key-nvim-src"
      },
      "locked": {
        "lastModified": 1654113767,
        "narHash": "sha256-J0AbcqsChQql/NDG6LAb7CG1HzIvBDv+mgUhJWp2Ctg=",
        "path": "/home/polar/repos/personal/neovim-flake",
        "type": "path"
      },
      "original": {
        "path": "/home/polar/repos/personal/neovim-flake",
        "type": "path"
      }
    },
    "neovim_2": {
      "inputs": {
        "flake-utils": "flake-utils_6",
        "nixpkgs": "nixpkgs_8"
      },
      "locked": {
        "dir": "contrib",
        "lastModified": 1654085872,
        "narHash": "sha256-OF+2WT1PxxGFELTnUDE2+ASt/PjwPTYcXCbhQnMcUIg=",
        "owner": "neovim",
        "repo": "neovim",
        "rev": "f40adf770d090d12f7b14dd519fe649ada40bfe6",
        "type": "github"
      },
      "original": {
        "dir": "contrib",
        "owner": "neovim",
        "repo": "neovim",
        "type": "github"
      }
    },
    "nixpkgs": {
      "locked": {
        "lastModified": 1642190797,
        "narHash": "sha256-cxeEEAtfIACnm8sV1oz0xlNp9IVk10Fxcc09ggoEZuo=",
        "owner": "nixos",
        "repo": "nixpkgs",
        "rev": "3ddd960a3b575bf3230d0e59f42614b71f9e0db9",
        "type": "github"
      },
      "original": {
        "owner": "nixos",
        "ref": "nixos-21.11",
        "repo": "nixpkgs",
        "type": "github"
      }
    },
    "nixpkgs-21_11": {
      "locked": {
        "lastModified": 1653819578,
        "narHash": "sha256-a1vaUl6VZz1NsWxMw0i5lRyHIOVUIuMZdQzV+4s+rY8=",
        "owner": "NixOS",
        "repo": "nixpkgs",
        "rev": "baa82d4b626288c7439eeea073a18aabbe435991",
        "type": "github"
      },
      "original": {
        "owner": "NixOS",
        "ref": "release-21.11",
        "repo": "nixpkgs",
        "type": "github"
      }
    },
    "nixpkgs-22_05": {
      "locked": {
        "lastModified": 1653822412,
        "narHash": "sha256-xZwMDQ8MdNiTwE8dcKAX1h3qCmLtuudNGxmFUX3xIes=",
        "owner": "NixOS",
        "repo": "nixpkgs",
        "rev": "db78278ff296cf21eca7e8c08ee99707387a54fa",
        "type": "github"
      },
      "original": {
        "owner": "NixOS",
        "ref": "release-22.05",
        "repo": "nixpkgs",
        "type": "github"
      }
    },
    "nixpkgs-local": {
      "locked": {
        "lastModified": 1642800173,
        "narHash": "sha256-8v1xCFaZKqo21qe7wt5EIquHy6LqiqRg2QkcjFfPWqI=",
        "owner": "polarmutex",
        "repo": "nixpkgs",
        "rev": "951cb1985d60342ad4b889552b1fb8e64bd8e6e2",
        "type": "github"
      },
      "original": {
        "owner": "polarmutex",
        "ref": "neovim-fix",
        "repo": "nixpkgs",
        "type": "github"
      }
    },
    "nixpkgs-master": {
      "locked": {
        "lastModified": 1654112780,
        "narHash": "sha256-CkXNiQRrtujh6MXfF8QA2CtQK61Yd2PKHcQCf3L0g6I=",
        "owner": "NixOS",
        "repo": "nixpkgs",
        "rev": "5b906c698d1bebfddcfa7f77281695a1c99b85aa",
        "type": "github"
      },
      "original": {
        "id": "nixpkgs",
        "ref": "master",
        "type": "indirect"
      }
    },
    "nixpkgs_10": {
      "locked": {
        "lastModified": 1639161226,
        "narHash": "sha256-75Y08ynJDTq6HHGIF+8IADBJSVip0UyWQH7jqSFnRR8=",
        "owner": "NixOS",
        "repo": "nixpkgs",
        "rev": "573095944e7c1d58d30fc679c81af63668b54056",
        "type": "github"
      },
      "original": {
        "owner": "NixOS",
        "ref": "nixos-21.11",
        "repo": "nixpkgs",
        "type": "github"
      }
    },
    "nixpkgs_2": {
      "locked": {
        "lastModified": 1653931853,
        "narHash": "sha256-O3wncIouj9x7gBPntzHeK/Hkmm9M1SGlYq7JI7saTAE=",
        "owner": "NixOS",
        "repo": "nixpkgs",
        "rev": "f1c167688a6f81f4a51ab542e5f476c8c595e457",
        "type": "github"
      },
      "original": {
        "id": "nixpkgs",
        "ref": "nixos-unstable",
        "type": "indirect"
      }
    },
    "nixpkgs_3": {
      "locked": {
        "lastModified": 1639161226,
        "narHash": "sha256-75Y08ynJDTq6HHGIF+8IADBJSVip0UyWQH7jqSFnRR8=",
        "owner": "NixOS",
        "repo": "nixpkgs",
        "rev": "573095944e7c1d58d30fc679c81af63668b54056",
        "type": "github"
      },
      "original": {
        "owner": "NixOS",
        "ref": "nixos-21.11",
        "repo": "nixpkgs",
        "type": "github"
      }
    },
    "nixpkgs_4": {
      "locked": {
        "lastModified": 1639161226,
        "narHash": "sha256-75Y08ynJDTq6HHGIF+8IADBJSVip0UyWQH7jqSFnRR8=",
        "owner": "NixOS",
        "repo": "nixpkgs",
        "rev": "573095944e7c1d58d30fc679c81af63668b54056",
        "type": "github"
      },
      "original": {
        "owner": "NixOS",
        "ref": "nixos-21.11",
        "repo": "nixpkgs",
        "type": "github"
      }
    },
    "nixpkgs_5": {
      "locked": {
        "narHash": "sha256-u1zLtPmQzhT9mNXyM8Ey9pk7orDrIKdwooeGDEXm5xM=",
        "path": "/nix/store/gyzqxklnmyzl773qpqylnfvhg6gimyad-source",
        "type": "path"
      },
      "original": {
        "id": "nixpkgs",
        "type": "indirect"
      }
    },
    "nixpkgs_6": {
      "locked": {
        "narHash": "sha256-u1zLtPmQzhT9mNXyM8Ey9pk7orDrIKdwooeGDEXm5xM=",
        "path": "/nix/store/gyzqxklnmyzl773qpqylnfvhg6gimyad-source",
        "type": "path"
      },
      "original": {
        "id": "nixpkgs",
        "type": "indirect"
      }
    },
    "nixpkgs_7": {
      "locked": {
        "lastModified": 1654007547,
        "narHash": "sha256-G812EeXZeGeGjkAvbTleGwcKFCGxdLOQb9aViOWASPc=",
        "owner": "NixOS",
        "repo": "nixpkgs",
        "rev": "5643714dea562f0161529ab23058562afeff46d0",
        "type": "github"
      },
      "original": {
        "id": "nixpkgs",
        "type": "indirect"
      }
    },
    "nixpkgs_8": {
      "locked": {
        "lastModified": 1646254136,
        "narHash": "sha256-8nQx02tTzgYO21BP/dy5BCRopE8OwE8Drsw98j+Qoaw=",
        "owner": "nixos",
        "repo": "nixpkgs",
        "rev": "3e072546ea98db00c2364b81491b893673267827",
        "type": "github"
      },
      "original": {
        "owner": "nixos",
        "ref": "nixos-unstable",
        "repo": "nixpkgs",
        "type": "github"
      }
    },
    "nixpkgs_9": {
      "locked": {
        "lastModified": 1654007547,
        "narHash": "sha256-G812EeXZeGeGjkAvbTleGwcKFCGxdLOQb9aViOWASPc=",
        "owner": "NixOS",
        "repo": "nixpkgs",
        "rev": "5643714dea562f0161529ab23058562afeff46d0",
        "type": "github"
      },
      "original": {
        "owner": "NixOS",
        "ref": "nixpkgs-unstable",
        "repo": "nixpkgs",
        "type": "github"
      }
    },
    "null-ls-nvim-src": {
      "flake": false,
      "locked": {
        "lastModified": 1653965733,
        "narHash": "sha256-giX8Kiba4qsEup3+zdMSC0vLfXqHldqLoCfRemg6114=",
        "owner": "jose-elias-alvarez",
        "repo": "null-ls.nvim",
        "rev": "7b8560d53045f36d74236d17f0b280ec94e65198",
        "type": "github"
      },
      "original": {
        "owner": "jose-elias-alvarez",
        "repo": "null-ls.nvim",
        "type": "github"
      }
    },
    "nur": {
      "locked": {
        "lastModified": 1654113714,
        "narHash": "sha256-leuXfKi0whtQBWNOIrEZYtZZfNyBWgI/o48IyKAzc0w=",
        "owner": "nix-community",
        "repo": "NUR",
        "rev": "34f3b9ec197c4359becb3e6793ee0d3a81d1f3ca",
        "type": "github"
      },
      "original": {
        "owner": "nix-community",
        "repo": "NUR",
        "type": "github"
      }
    },
    "nvim-cmp-src": {
      "flake": false,
      "locked": {
        "lastModified": 1653442331,
        "narHash": "sha256-DztQOlhSq1kSEl27ygmUo7ctZGrVDq1fBOzGwSKTjXs=",
        "owner": "hrsh7th",
        "repo": "nvim-cmp",
        "rev": "033a817ced907c8bcdcbe3355d7ea67446264f4b",
        "type": "github"
      },
      "original": {
        "owner": "hrsh7th",
        "repo": "nvim-cmp",
        "type": "github"
      }
    },
    "nvim-dap-src": {
      "flake": false,
      "locked": {
        "lastModified": 1654102923,
        "narHash": "sha256-uawUwKSwDaGjOl3SUqzcXSB25U2tUIDLibgRKOXNXCE=",
        "owner": "mfussenegger",
        "repo": "nvim-dap",
        "rev": "60ffb68f66186ef80dd7dcbc28ba1bcf30919bc7",
        "type": "github"
      },
      "original": {
        "owner": "mfussenegger",
        "repo": "nvim-dap",
        "type": "github"
      }
    },
    "nvim-dap-virtual-text-src": {
      "flake": false,
      "locked": {
        "lastModified": 1651314899,
        "narHash": "sha256-ibfgt1P9UFUVa51G1SyPybz8zDqabvIddBEU7ds3RpE=",
        "owner": "theHamsta",
        "repo": "nvim-dap-virtual-text",
        "rev": "9b731b9748d243b60e61eecbe2d114c39554486e",
        "type": "github"
      },
      "original": {
        "owner": "theHamsta",
        "repo": "nvim-dap-virtual-text",
        "type": "github"
      }
    },
    "nvim-jdtls-src": {
      "flake": false,
      "locked": {
        "lastModified": 1651848965,
        "narHash": "sha256-mFmUYPZ3hfpZZyWIwDYR7AlLq2PMgFpQOBkfvLq5zS0=",
        "owner": "mfussenegger",
        "repo": "nvim-jdtls",
        "rev": "f582b5be2ae1fee2e5dc974cd9b979a1ab08cca6",
        "type": "github"
      },
      "original": {
        "owner": "mfussenegger",
        "repo": "nvim-jdtls",
        "type": "github"
      }
    },
    "nvim-lspconfig-src": {
      "flake": false,
      "locked": {
        "lastModified": 1654094581,
        "narHash": "sha256-TRIQdys/afLog+Rhjp7hsxSbhEi4gnTj9dHkWnxZPyg=",
        "owner": "neovim",
        "repo": "nvim-lspconfig",
        "rev": "c5dae15c0c94703a0565e8ba35a9f5cb96ca7b8a",
        "type": "github"
      },
      "original": {
        "owner": "neovim",
        "repo": "nvim-lspconfig",
        "type": "github"
      }
    },
    "nvim-treesitter-context-src": {
      "flake": false,
      "locked": {
        "lastModified": 1652363724,
        "narHash": "sha256-4TsnUDakK13xrhJc+vB8JHZGHPReK7rmKzhfdH0YDF8=",
        "owner": "romgrk",
        "repo": "nvim-treesitter-context",
        "rev": "a7916523e8107a57021cabae51917b7dae844aa6",
        "type": "github"
      },
      "original": {
        "owner": "romgrk",
        "repo": "nvim-treesitter-context",
        "type": "github"
      }
    },
    "nvim-treesitter-src": {
      "flake": false,
      "locked": {
        "lastModified": 1654068977,
        "narHash": "sha256-b5vqOBjzkz9bagfpjF1F/kwIrr32lVLR4PwO57baI9M=",
        "owner": "nvim-treesitter",
        "repo": "nvim-treesitter",
        "rev": "889e901a3ef9b6587bf710daf82b7e1e1b58b0e1",
        "type": "github"
      },
      "original": {
        "owner": "nvim-treesitter",
        "repo": "nvim-treesitter",
        "type": "github"
      }
    },
    "plenary-nvim-src": {
      "flake": false,
      "locked": {
        "lastModified": 1654090359,
        "narHash": "sha256-UdiZebTShz36hrX4C+S+7XE2rUObtZQppVwR7A9rstE=",
        "owner": "nvim-lua",
        "repo": "plenary.nvim",
        "rev": "54b2e3d58f567983feabaeb9408eccf6b7f32206",
        "type": "github"
      },
      "original": {
        "owner": "nvim-lua",
        "repo": "plenary.nvim",
        "type": "github"
      }
    },
    "polar-dmenu": {
      "inputs": {
        "nixpkgs": "nixpkgs_3"
      },
      "locked": {
        "lastModified": 1650503910,
        "narHash": "sha256-n5AZvduyDxmdwLAHW7yHhnc4AyPtrcxoGD4CnS6lzN8=",
        "owner": "polarmutex",
        "repo": "dmenu",
        "rev": "01311f1c5a325840515c11001c94b35b2ccad484",
        "type": "github"
      },
      "original": {
        "owner": "polarmutex",
        "repo": "dmenu",
        "type": "github"
      }
    },
    "polar-dwm": {
      "inputs": {
        "nixpkgs": "nixpkgs_4"
      },
      "locked": {
        "lastModified": 1651546614,
        "narHash": "sha256-1THWXjCv15AYJHzATVYMZY/jYZLeyxKx68+oUhtLmB0=",
        "owner": "polarmutex",
        "repo": "dwm",
        "rev": "9e8cb0c9b525857d74260a7a2db6df7c99d25a5a",
        "type": "github"
      },
      "original": {
        "owner": "polarmutex",
        "repo": "dwm",
        "type": "github"
      }
    },
    "polar-nur": {
      "inputs": {
        "awesome-battery-widget-git": "awesome-battery-widget-git",
        "awesome-git-src": "awesome-git-src",
        "beancount-langserver": "beancount-langserver",
        "bling-git": "bling-git",
        "flake-utils": "flake-utils_5",
        "naersk": "naersk_3",
        "neovim": "neovim_2",
        "nixpkgs": "nixpkgs_9",
        "rubato-git": "rubato-git",
        "wezterm-git-src": "wezterm-git-src"
      },
      "locked": {
        "lastModified": 1654086703,
        "narHash": "sha256-fH/nIu3Db4NJEFqngmZDAdZWfKPzCuZ6p6evpzs1DOk=",
        "owner": "polarmutex",
        "repo": "nur",
        "rev": "b658ce02dcc41c57f2cb5e2033c4561779e17d25",
        "type": "github"
      },
      "original": {
        "owner": "polarmutex",
        "repo": "nur",
        "type": "github"
      }
    },
    "polar-st": {
      "inputs": {
        "nixpkgs": "nixpkgs_10"
      },
      "locked": {
        "lastModified": 1651547147,
        "narHash": "sha256-v9vV0cQaH7dlhH9EfzFyqy1T9PXZl9OcYGEsbJTtO2E=",
        "owner": "polarmutex",
        "repo": "st",
        "rev": "db59ff9e27375e1b43d5285eff18cebf80219be2",
        "type": "github"
      },
      "original": {
        "owner": "polarmutex",
        "repo": "st",
        "type": "github"
      }
    },
    "popup-nvim-src": {
      "flake": false,
      "locked": {
        "lastModified": 1637254091,
        "narHash": "sha256-dNWz/xovUg55fDZUpVs/2kLphk3lqQyvPtc9ATwbeSQ=",
        "owner": "nvim-lua",
        "repo": "popup.nvim",
        "rev": "b7404d35d5d3548a82149238289fa71f7f6de4ac",
        "type": "github"
      },
      "original": {
        "owner": "nvim-lua",
        "repo": "popup.nvim",
        "type": "github"
      }
    },
    "rnix-lsp": {
      "inputs": {
        "naersk": "naersk",
        "nixpkgs": "nixpkgs",
        "utils": "utils_2"
      },
      "locked": {
        "lastModified": 1651229115,
        "narHash": "sha256-ic9hnLq3f7KIpr0uJXptHOImPv4CqznTE9yBM/LCiko=",
        "owner": "Ma27",
        "repo": "rnix-lsp",
        "rev": "9736265eb4fd4d1488b34b229ad1ab589610740e",
        "type": "github"
      },
      "original": {
        "owner": "Ma27",
        "repo": "rnix-lsp",
        "type": "github"
      }
    },
    "rnix-lsp_2": {
      "inputs": {
        "naersk": "naersk_4",
        "nixpkgs": [
          "nixpkgs"
        ],
        "utils": [
          "flake-utils"
        ]
      },
      "locked": {
        "lastModified": 1651229115,
        "narHash": "sha256-ic9hnLq3f7KIpr0uJXptHOImPv4CqznTE9yBM/LCiko=",
        "owner": "nix-community",
        "repo": "rnix-lsp",
        "rev": "9736265eb4fd4d1488b34b229ad1ab589610740e",
        "type": "github"
      },
      "original": {
        "owner": "nix-community",
        "repo": "rnix-lsp",
        "type": "github"
      }
    },
    "root": {
      "inputs": {
        "awesome-flake": "awesome-flake",
        "deploy-rs": "deploy-rs",
        "flake-utils": "flake-utils_2",
        "hardware": "hardware",
        "home-manager": "home-manager",
        "neovim": "neovim",
        "neovim-flake": "neovim-flake",
        "nixpkgs": "nixpkgs_2",
        "nixpkgs-local": "nixpkgs-local",
        "nixpkgs-master": "nixpkgs-master",
        "nur": "nur",
        "polar-dmenu": "polar-dmenu",
        "polar-dwm": "polar-dwm",
        "polar-nur": "polar-nur",
        "polar-st": "polar-st",
        "rnix-lsp": "rnix-lsp_2",
        "sops-nix": "sops-nix"
      }
    },
    "rubato-git": {
      "flake": false,
      "locked": {
        "lastModified": 1652022057,
        "narHash": "sha256-BixO7PagHUm7pX5V7RTaC3/ffNErGw3bf77qeSLleqI=",
        "owner": "andOrlando",
        "repo": "rubato",
        "rev": "7ed12e183583a7ce3b59714452217af9a1f02ce6",
        "type": "github"
      },
      "original": {
        "owner": "andOrlando",
        "repo": "rubato",
        "type": "github"
      }
    },
    "rust-tools-nvim-src": {
      "flake": false,
      "locked": {
        "lastModified": 1652859719,
        "narHash": "sha256-ubO9Xoeg7ZSRJinMM1iZ8KF4sHHuQ7Npo/wqliSXvE0=",
        "owner": "simrat39",
        "repo": "rust-tools.nvim",
        "rev": "11dcd674781ba68a951ab4c7b740553cae8fe671",
        "type": "github"
      },
      "original": {
        "owner": "simrat39",
        "repo": "rust-tools.nvim",
        "type": "github"
      }
    },
    "sops-nix": {
      "inputs": {
        "nixpkgs": [
          "nixpkgs"
        ],
        "nixpkgs-21_11": "nixpkgs-21_11",
        "nixpkgs-22_05": "nixpkgs-22_05"
      },
      "locked": {
        "lastModified": 1653827546,
        "narHash": "sha256-va51HFf7UwktvriIbe9pjRPMr7p8IaxrwcDlZe7twzI=",
        "owner": "Mic92",
        "repo": "sops-nix",
        "rev": "36b5901782e7fbfc191cace910f67f8b8743f678",
        "type": "github"
      },
      "original": {
        "owner": "Mic92",
        "repo": "sops-nix",
        "type": "github"
      }
    },
    "telescope-dap-nvim-src": {
      "flake": false,
      "locked": {
        "lastModified": 1616786019,
        "narHash": "sha256-aGiBknPDjYL4Vlp0DKbJpsKiEaA5dzgg87FQvgThl7k=",
        "owner": "nvim-telescope",
        "repo": "telescope-dap.nvim",
        "rev": "b4134fff5cbaf3b876e6011212ed60646e56f060",
        "type": "github"
      },
      "original": {
        "owner": "nvim-telescope",
        "repo": "telescope-dap.nvim",
        "type": "github"
      }
    },
    "telescope-nvim-src": {
      "flake": false,
      "locked": {
        "lastModified": 1654095135,
        "narHash": "sha256-aaL0/xNXqGbGWTdsP/d8abLycCeSoK8x2am+Wea6QWw=",
        "owner": "nvim-telescope",
        "repo": "telescope.nvim",
        "rev": "ad19bf6b8eee5f68b94637c08efb53b33cc3fe21",
        "type": "github"
      },
      "original": {
        "owner": "nvim-telescope",
        "repo": "telescope.nvim",
        "type": "github"
      }
    },
    "telescope-ui-select-src": {
      "flake": false,
      "locked": {
        "lastModified": 1651305900,
        "narHash": "sha256-/JM2KX70JXa3sydrUj13Vd4rRwhn3VrdW7qLLHqIqyY=",
        "owner": "nvim-telescope",
        "repo": "telescope-ui-select.nvim",
        "rev": "62ea5e58c7bbe191297b983a9e7e89420f581369",
        "type": "github"
      },
      "original": {
        "owner": "nvim-telescope",
        "repo": "telescope-ui-select.nvim",
        "type": "github"
      }
    },
    "tokyonight-nvim-src": {
      "flake": false,
      "locked": {
        "lastModified": 1640940199,
        "narHash": "sha256-EUiuGaX//mqv8v+UWfOQwxvV6UaQq1ZjdlqOpQAE7+c=",
        "owner": "folke",
        "repo": "tokyonight.nvim",
        "rev": "8223c970677e4d88c9b6b6d81bda23daf11062bb",
        "type": "github"
      },
      "original": {
        "owner": "folke",
        "repo": "tokyonight.nvim",
        "type": "github"
      }
    },
    "utils": {
      "locked": {
        "lastModified": 1648297722,
        "narHash": "sha256-W+qlPsiZd8F3XkzXOzAoR+mpFqzm3ekQkJNa+PIh1BQ=",
        "owner": "numtide",
        "repo": "flake-utils",
        "rev": "0f8662f1319ad6abf89b3380dd2722369fc51ade",
        "type": "github"
      },
      "original": {
        "owner": "numtide",
        "repo": "flake-utils",
        "type": "github"
      }
    },
    "utils_2": {
      "locked": {
        "lastModified": 1638122382,
        "narHash": "sha256-sQzZzAbvKEqN9s0bzWuYmRaA03v40gaJ4+iL1LXjaeI=",
        "owner": "numtide",
        "repo": "flake-utils",
        "rev": "74f7e4319258e287b0f9cb95426c9853b282730b",
        "type": "github"
      },
      "original": {
        "owner": "numtide",
        "repo": "flake-utils",
        "type": "github"
      }
    },
    "wezterm-git-src": {
      "flake": false,
      "locked": {
        "lastModified": 1654086064,
        "narHash": "sha256-YkSFeEykKwF2kngNzd7Nyg30bxAd9VdOjWDYaW70MnQ=",
        "ref": "main",
        "rev": "70c35790ea32022a542c1174d40a0413e9434f94",
        "revCount": 5687,
        "submodules": true,
        "type": "git",
        "url": "https://github.com/wez/wezterm.git"
      },
      "original": {
        "ref": "main",
        "submodules": true,
        "type": "git",
        "url": "https://github.com/wez/wezterm.git"
      }
    },
    "which-key-nvim-src": {
      "flake": false,
      "locked": {
        "lastModified": 1651651877,
        "narHash": "sha256-UoV9H3oVJL1BPmuG+/eU4cG1s7thOrcrPyat9npBxm0=",
        "owner": "folke",
        "repo": "which-key.nvim",
        "rev": "bd4411a2ed4dd8bb69c125e339d837028a6eea71",
        "type": "github"
      },
      "original": {
        "owner": "folke",
        "repo": "which-key.nvim",
        "type": "github"
      }
    }
  },
  "root": "root",
  "version": 7
}
